{
  "version": 4,
  "terraform_version": "1.13.3",
  "serial": 50,
  "lineage": "2d1499ea-5c82-9f4c-3c24-a32e34d9a51a",
  "outputs": {
    "cluster_id": {
      "value": "cd7ljdnbhp7f740kck0cg",
      "type": "string"
    },
    "vpc_id": {
      "value": "vpc-3hj557wf6tgjk3nkipjnwxvv5",
      "type": "string"
    }
  },
  "resources": [
    {
      "module": "module.network",
      "mode": "managed",
      "type": "volcenginecc_alb_load_balancer",
      "name": "alb",
      "provider": "provider[\"registry.terraform.io/volcengine/volcenginecc\"]",
      "instances": [
        {
          "schema_version": 1,
          "attributes": {
            "address_ip_version": "IPv4",
            "bandwidth_package_id": null,
            "business_status": "Normal",
            "create_time": "2026-04-24T09:24:46Z",
            "delete_protection": "off",
            "deleted_time": "",
            "description": "",
            "dns_name": "alb-1pf2f9r80e3uo845wfaud7mqz.cn-beijing.volcenginealb.com",
            "eip_billing_config": null,
            "global_accelerator": null,
            "id": "alb-1pf2f9r80e3uo845wfaud7mqz",
            "ipv_6_bandwidth_package_id": null,
            "ipv_6_eip_billing_config": null,
            "load_balancer_billing_type": 1,
            "load_balancer_edition": "Basic",
            "load_balancer_id": "alb-1pf2f9r80e3uo845wfaud7mqz",
            "load_balancer_name": "enterprise-vke-demo-alb",
            "lock_reason": "",
            "modification_protection_reason": "",
            "modification_protection_status": "NonProtection",
            "overdue_time": "",
            "project_name": "default",
            "proxy_protocol_enabled": null,
            "status": "Active",
            "tags": [
              {
                "key": "Environment",
                "value": "prod"
              },
              {
                "key": "ManagedBy",
                "value": "Terraform"
              },
              {
                "key": "Project",
                "value": "enterprise-vke"
              }
            ],
            "type": "public",
            "update_time": "2026-04-24T09:24:53Z",
            "vpc_id": "vpc-3hj557wf6tgjk3nkipjnwxvv5",
            "waf_instance_id": "",
            "waf_protected_domain": null,
            "waf_protection_enabled": "off",
            "zone_mappings": [
              {
                "subnet_id": "subnet-iwsg2ohqxips76zdlcp0y41x",
                "zone_id": "cn-beijing-b"
              },
              {
                "subnet_id": "subnet-w0lox1hnzqbk865yka9tfcov",
                "zone_id": "cn-beijing-a"
              }
            ]
          },
          "sensitive_attributes": [],
          "identity_schema_version": 0,
          "dependencies": [
            "module.network.volcenginecc_vpc_subnet.node_subnet",
            "module.network.volcenginecc_vpc_vpc.main"
          ]
        }
      ]
    },
    {
      "module": "module.network",
      "mode": "managed",
      "type": "volcenginecc_natgateway_ngw",
      "name": "nat_gateway",
      "provider": "provider[\"registry.terraform.io/volcengine/volcenginecc\"]",
      "instances": [
        {
          "schema_version": 1,
          "attributes": {
            "billing_type": 2,
            "business_status": "Normal",
            "created_time": "2026-04-24T17:24:46+08:00",
            "deleted_time": "",
            "description": "",
            "direct_mode": true,
            "dnat_entry_ids": null,
            "eip_addresses": [
              {
                "allocation_id": "eip-1uxuuo7zewhs51j8e6i8c6b9",
                "eip_address": "124.174.49.174",
                "using_status": "UsedBySnat"
              }
            ],
            "expired_time": "",
            "id": "ngw-a98bptz6f8jk592uatrfglou",
            "lock_reason": "TagResources",
            "nat_gateway_id": "ngw-a98bptz6f8jk592uatrfglou",
            "nat_gateway_name": "enterprise-vke-demo-nat",
            "nat_ip_addresses": null,
            "network_interface_id": "eni-iwsifmrnikg076zdlc280m4x",
            "network_type": "internet",
            "overdue_time": "",
            "period": null,
            "period_unit": null,
            "project_name": "default",
            "smart_schedule_enabled": false,
            "smart_schedule_rule": "",
            "snat_entry_ids": [
              "snat-a98buhp2zhts592uaso50ni6",
              "snat-e8xfmqiwtybk4ccy45ayyyhc"
            ],
            "spec": "Small",
            "status": "Available",
            "subnet_id": "subnet-w0lox1hnzqbk865yka9tfcov",
            "tags": [
              {
                "key": "Environment",
                "value": "prod"
              },
              {
                "key": "ManagedBy",
                "value": "Terraform"
              },
              {
                "key": "Project",
                "value": "enterprise-vke"
              }
            ],
            "updated_time": "2026-04-24T17:43:52+08:00",
            "vpc_id": "vpc-3hj557wf6tgjk3nkipjnwxvv5",
            "zone_id": "cn-beijing-a"
          },
          "sensitive_attributes": [],
          "identity_schema_version": 0,
          "dependencies": [
            "module.network.volcenginecc_vpc_subnet.node_subnet",
            "module.network.volcenginecc_vpc_vpc.main"
          ]
        }
      ]
    },
    {
      "module": "module.network",
      "mode": "managed",
      "type": "volcenginecc_natgateway_snatentry",
      "name": "node_snat",
      "provider": "provider[\"registry.terraform.io/volcengine/volcenginecc\"]",
      "instances": [
        {
          "index_key": 0,
          "schema_version": 1,
          "attributes": {
            "eip_address": "124.174.49.174",
            "eip_id": "eip-1uxuuo7zewhs51j8e6i8c6b9",
            "id": "snat-e8xfmqiwtybk4ccy45ayyyhc",
            "nat_gateway_id": "ngw-a98bptz6f8jk592uatrfglou",
            "nat_ip_id": "",
            "snat_entry_id": "snat-e8xfmqiwtybk4ccy45ayyyhc",
            "snat_entry_name": "snat-e8xfmqiwtybk4ccy45ayyyhc",
            "source_cidr": "10.0.1.0/24",
            "status": "Available",
            "subnet_id": "subnet-w0lox1hnzqbk865yka9tfcov"
          },
          "sensitive_attributes": [],
          "identity_schema_version": 0,
          "dependencies": [
            "module.network.volcenginecc_natgateway_ngw.nat_gateway",
            "module.network.volcenginecc_vpc_eip.eip",
            "module.network.volcenginecc_vpc_subnet.node_subnet",
            "module.network.volcenginecc_vpc_vpc.main"
          ]
        },
        {
          "index_key": 1,
          "schema_version": 1,
          "attributes": {
            "eip_address": "124.174.49.174",
            "eip_id": "eip-1uxuuo7zewhs51j8e6i8c6b9",
            "id": "snat-1gwrv6w35esxs3mn9eyxq4rf0",
            "nat_gateway_id": "ngw-a98bptz6f8jk592uatrfglou",
            "nat_ip_id": "",
            "snat_entry_id": "snat-1gwrv6w35esxs3mn9eyxq4rf0",
            "snat_entry_name": "snat-1gwrv6w35esxs3mn9eyxq4rf0",
            "source_cidr": "10.0.2.0/24",
            "status": "Available",
            "subnet_id": "subnet-iwsg2ohqxips76zdlcp0y41x"
          },
          "sensitive_attributes": [],
          "identity_schema_version": 0,
          "dependencies": [
            "module.network.volcenginecc_natgateway_ngw.nat_gateway",
            "module.network.volcenginecc_vpc_eip.eip",
            "module.network.volcenginecc_vpc_subnet.node_subnet",
            "module.network.volcenginecc_vpc_vpc.main"
          ]
        }
      ]
    },
    {
      "module": "module.network",
      "mode": "managed",
      "type": "volcenginecc_natgateway_snatentry",
      "name": "pod_snat",
      "provider": "provider[\"registry.terraform.io/volcengine/volcenginecc\"]",
      "instances": [
        {
          "index_key": 0,
          "schema_version": 1,
          "attributes": {
            "eip_address": "124.174.49.174",
            "eip_id": "eip-1uxuuo7zewhs51j8e6i8c6b9",
            "id": "snat-1gwrv7017mww03mn9exnw5br9",
            "nat_gateway_id": "ngw-a98bptz6f8jk592uatrfglou",
            "nat_ip_id": "",
            "snat_entry_id": "snat-1gwrv7017mww03mn9exnw5br9",
            "snat_entry_name": "snat-1gwrv7017mww03mn9exnw5br9",
            "source_cidr": "10.0.16.0/20",
            "status": "Available",
            "subnet_id": "subnet-1uxw3m5brw8w51j8e6lbibtr"
          },
          "sensitive_attributes": [],
          "identity_schema_version": 0,
          "dependencies": [
            "module.network.volcenginecc_natgateway_ngw.nat_gateway",
            "module.network.volcenginecc_natgateway_snatentry.node_snat",
            "module.network.volcenginecc_vpc_eip.eip",
            "module.network.volcenginecc_vpc_subnet.node_subnet",
            "module.network.volcenginecc_vpc_subnet.pod_subnet",
            "module.network.volcenginecc_vpc_vpc.main"
          ]
        },
        {
          "index_key": 1,
          "schema_version": 1,
          "attributes": {
            "eip_address": "124.174.49.174",
            "eip_id": "eip-1uxuuo7zewhs51j8e6i8c6b9",
            "id": "snat-a98buhp2zhts592uaso50ni6",
            "nat_gateway_id": "ngw-a98bptz6f8jk592uatrfglou",
            "nat_ip_id": "",
            "snat_entry_id": "snat-a98buhp2zhts592uaso50ni6",
            "snat_entry_name": "snat-a98buhp2zhts592uaso50ni6",
            "source_cidr": "10.0.32.0/20",
            "status": "Available",
            "subnet_id": "subnet-iwsfp936c2rk76zdldi6bsuf"
          },
          "sensitive_attributes": [],
          "identity_schema_version": 0,
          "dependencies": [
            "module.network.volcenginecc_natgateway_ngw.nat_gateway",
            "module.network.volcenginecc_natgateway_snatentry.node_snat",
            "module.network.volcenginecc_vpc_eip.eip",
            "module.network.volcenginecc_vpc_subnet.node_subnet",
            "module.network.volcenginecc_vpc_subnet.pod_subnet",
            "module.network.volcenginecc_vpc_vpc.main"
          ]
        }
      ]
    },
    {
      "module": "module.network",
      "mode": "managed",
      "type": "volcenginecc_vpc_eip",
      "name": "eip",
      "provider": "provider[\"registry.terraform.io/volcengine/volcenginecc\"]",
      "instances": [
        {
          "schema_version": 1,
          "attributes": {
            "allocation_id": "eip-1uxuuo7zewhs51j8e6i8c6b9",
            "bandwidth": 100,
            "bandwidth_package_id": null,
            "billing_type": 3,
            "business_status": "Normal",
            "created_time": "2026-04-24T17:23:55+08:00",
            "deleted_time": "",
            "description": "",
            "direct_mode": null,
            "eip_address": "124.174.49.174",
            "expired_time": "",
            "id": "eip-1uxuuo7zewhs51j8e6i8c6b9",
            "instance_id": "ngw-a98bptz6f8jk592uatrfglou",
            "instance_type": "Nat",
            "ip_address": null,
            "ip_address_pool_id": "",
            "is_blocked": false,
            "isp": "BGP",
            "lock_reason": "",
            "name": "enterprise-vke-demo-nat-eip",
            "overdue_time": "",
            "period": null,
            "period_unit": null,
            "private_ip_address": null,
            "project_name": "default",
            "release_with_instance": false,
            "renew_period_times": null,
            "renew_type": null,
            "security_protection_instance_id": null,
            "security_protection_types": null,
            "service_managed": false,
            "status": "Attached",
            "tags": [
              {
                "key": "Environment",
                "value": "prod"
              },
              {
                "key": "ManagedBy",
                "value": "Terraform"
              },
              {
                "key": "Project",
                "value": "enterprise-vke"
              }
            ],
            "updated_time": "2026-04-24T17:42:34+08:00"
          },
          "sensitive_attributes": [],
          "identity_schema_version": 0,
          "dependencies": [
            "module.network.volcenginecc_natgateway_ngw.nat_gateway",
            "module.network.volcenginecc_vpc_subnet.node_subnet",
            "module.network.volcenginecc_vpc_vpc.main"
          ]
        }
      ]
    },
    {
      "module": "module.network",
      "mode": "managed",
      "type": "volcenginecc_vpc_subnet",
      "name": "node_subnet",
      "provider": "provider[\"registry.terraform.io/volcengine/volcenginecc\"]",
      "instances": [
        {
          "index_key": 0,
          "schema_version": 1,
          "attributes": {
            "account_id": "2107436677",
            "available_ip_address_count": 250,
            "cidr_block": "10.0.1.0/24",
            "created_time": "2026-04-24T17:24:21+08:00",
            "description": "",
            "enable_ipv_6": null,
            "id": "subnet-w0lox1hnzqbk865yka9tfcov",
            "ipv_6_cidr_block": null,
            "is_default": false,
            "network_acl_id": "",
            "project_name": "default",
            "read_ipv_6_cidr_block": "",
            "route_table": {
              "route_table_id": "vtb-3hj557ye7xiio3nkipkesbwi0",
              "route_table_type": "System"
            },
            "status": "Available",
            "subnet_id": "subnet-w0lox1hnzqbk865yka9tfcov",
            "subnet_name": "enterprise-vke-demo-node-subnet-0",
            "tags": [
              {
                "key": "Environment",
                "value": "prod"
              },
              {
                "key": "ManagedBy",
                "value": "Terraform"
              },
              {
                "key": "Project",
                "value": "enterprise-vke"
              }
            ],
            "total_ipv_4_count": 253,
            "updated_time": "2026-04-24T17:28:23+08:00",
            "vpc_id": "vpc-3hj557wf6tgjk3nkipjnwxvv5",
            "zone_id": "cn-beijing-a"
          },
          "sensitive_attributes": [],
          "identity_schema_version": 0,
          "dependencies": [
            "module.network.volcenginecc_vpc_vpc.main"
          ]
        },
        {
          "index_key": 1,
          "schema_version": 1,
          "attributes": {
            "account_id": "2107436677",
            "available_ip_address_count": 250,
            "cidr_block": "10.0.2.0/24",
            "created_time": "2026-04-24T17:24:16+08:00",
            "description": "",
            "enable_ipv_6": null,
            "id": "subnet-iwsg2ohqxips76zdlcp0y41x",
            "ipv_6_cidr_block": null,
            "is_default": false,
            "network_acl_id": "",
            "project_name": "default",
            "read_ipv_6_cidr_block": "",
            "route_table": {
              "route_table_id": "vtb-3hj557ye7xiio3nkipkesbwi0",
              "route_table_type": "System"
            },
            "status": "Available",
            "subnet_id": "subnet-iwsg2ohqxips76zdlcp0y41x",
            "subnet_name": "enterprise-vke-demo-node-subnet-1",
            "tags": [
              {
                "key": "Environment",
                "value": "prod"
              },
              {
                "key": "ManagedBy",
                "value": "Terraform"
              },
              {
                "key": "Project",
                "value": "enterprise-vke"
              }
            ],
            "total_ipv_4_count": 253,
            "updated_time": "2026-04-24T17:28:24+08:00",
            "vpc_id": "vpc-3hj557wf6tgjk3nkipjnwxvv5",
            "zone_id": "cn-beijing-b"
          },
          "sensitive_attributes": [],
          "identity_schema_version": 0,
          "dependencies": [
            "module.network.volcenginecc_vpc_vpc.main"
          ]
        }
      ]
    },
    {
      "module": "module.network",
      "mode": "managed",
      "type": "volcenginecc_vpc_subnet",
      "name": "pod_subnet",
      "provider": "provider[\"registry.terraform.io/volcengine/volcenginecc\"]",
      "instances": [
        {
          "index_key": 0,
          "schema_version": 1,
          "attributes": {
            "account_id": "2107436677",
            "available_ip_address_count": 4093,
            "cidr_block": "10.0.16.0/20",
            "created_time": "2026-04-24T17:24:06+08:00",
            "description": "",
            "enable_ipv_6": null,
            "id": "subnet-1uxw3m5brw8w51j8e6lbibtr",
            "ipv_6_cidr_block": null,
            "is_default": false,
            "network_acl_id": "",
            "project_name": "default",
            "read_ipv_6_cidr_block": "",
            "route_table": {
              "route_table_id": "vtb-3hj557ye7xiio3nkipkesbwi0",
              "route_table_type": "System"
            },
            "status": "Available",
            "subnet_id": "subnet-1uxw3m5brw8w51j8e6lbibtr",
            "subnet_name": "enterprise-vke-demo-pod-subnet-0",
            "tags": [
              {
                "key": "Environment",
                "value": "prod"
              },
              {
                "key": "ManagedBy",
                "value": "Terraform"
              },
              {
                "key": "Project",
                "value": "enterprise-vke"
              }
            ],
            "total_ipv_4_count": 4093,
            "updated_time": "2026-04-24T17:24:06+08:00",
            "vpc_id": "vpc-3hj557wf6tgjk3nkipjnwxvv5",
            "zone_id": "cn-beijing-a"
          },
          "sensitive_attributes": [],
          "identity_schema_version": 0,
          "dependencies": [
            "module.network.volcenginecc_vpc_vpc.main"
          ]
        },
        {
          "index_key": 1,
          "schema_version": 1,
          "attributes": {
            "account_id": "2107436677",
            "available_ip_address_count": 4093,
            "cidr_block": "10.0.32.0/20",
            "created_time": "2026-04-24T17:24:11+08:00",
            "description": "",
            "enable_ipv_6": null,
            "id": "subnet-iwsfp936c2rk76zdldi6bsuf",
            "ipv_6_cidr_block": null,
            "is_default": false,
            "network_acl_id": "",
            "project_name": "default",
            "read_ipv_6_cidr_block": "",
            "route_table": {
              "route_table_id": "vtb-3hj557ye7xiio3nkipkesbwi0",
              "route_table_type": "System"
            },
            "status": "Available",
            "subnet_id": "subnet-iwsfp936c2rk76zdldi6bsuf",
            "subnet_name": "enterprise-vke-demo-pod-subnet-1",
            "tags": [
              {
                "key": "Environment",
                "value": "prod"
              },
              {
                "key": "ManagedBy",
                "value": "Terraform"
              },
              {
                "key": "Project",
                "value": "enterprise-vke"
              }
            ],
            "total_ipv_4_count": 4093,
            "updated_time": "2026-04-24T17:24:11+08:00",
            "vpc_id": "vpc-3hj557wf6tgjk3nkipjnwxvv5",
            "zone_id": "cn-beijing-b"
          },
          "sensitive_attributes": [],
          "identity_schema_version": 0,
          "dependencies": [
            "module.network.volcenginecc_vpc_vpc.main"
          ]
        }
      ]
    },
    {
      "module": "module.network",
      "mode": "managed",
      "type": "volcenginecc_vpc_vpc",
      "name": "main",
      "provider": "provider[\"registry.terraform.io/volcengine/volcenginecc\"]",
      "instances": [
        {
          "schema_version": 1,
          "attributes": {
            "account_id": "2107436677",
            "associate_cens": null,
            "cidr_block": "10.0.0.0/16",
            "creation_time": "2026-04-24T17:23:55+08:00",
            "description": "",
            "dns_servers": null,
            "enable_ipv_6": null,
            "id": "vpc-3hj557wf6tgjk3nkipjnwxvv5",
            "ipv_4_gateway_id": "",
            "ipv_6_cidr_block": "",
            "is_default": false,
            "nat_gateway_ids": [
              "ngw-a98bptz6f8jk592uatrfglou"
            ],
            "network_acl_num": "0",
            "project_name": "default",
            "route_table_ids": [
              "vtb-3hj557ye7xiio3nkipkesbwi0"
            ],
            "secondary_cidr_blocks": null,
            "security_group_ids": [
              "sg-2f8tvg7exdyww4f4pzzcdblw5",
              "sg-3hj5582ca5mgw3nkipjebj35y",
              "sg-3hj59sflyy6f43nkipkguyrti"
            ],
            "status": "Available",
            "subnet_ids": [
              "subnet-1uxw3m5brw8w51j8e6lbibtr",
              "subnet-iwsfp936c2rk76zdldi6bsuf",
              "subnet-iwsg2ohqxips76zdlcp0y41x",
              "subnet-w0lox1hnzqbk865yka9tfcov"
            ],
            "support_ipv_4_gateway": false,
            "tags": [
              {
                "key": "Environment",
                "value": "prod"
              },
              {
                "key": "ManagedBy",
                "value": "Terraform"
              },
              {
                "key": "Project",
                "value": "enterprise-vke"
              }
            ],
            "update_time": "2026-04-24T17:24:46+08:00",
            "user_cidr_blocks": null,
            "vpc_id": "vpc-3hj557wf6tgjk3nkipjnwxvv5",
            "vpc_name": "enterprise-vke-demo"
          },
          "sensitive_attributes": [],
          "identity_schema_version": 0
        }
      ]
    },
    {
      "module": "module.vke",
      "mode": "managed",
      "type": "volcenginecc_vke_addon",
      "name": "alb_ingress",
      "provider": "provider[\"registry.terraform.io/volcengine/volcenginecc\"]",
      "instances": [
        {
          "schema_version": 1,
          "attributes": {
            "cluster_id": "cd7ljdnbhp7f740kck0cg",
            "config": null,
            "created_time": "2026-04-24 17:24:45.678547 +0800 CST",
            "deploy_mode": "Managed",
            "deploy_node_type": null,
            "id": "cd7ljdnbhp7f740kck0cg|alb-ingress-controller",
            "name": "alb-ingress-controller",
            "status": {
              "conditions": [
                {}
              ],
              "phase": "Running"
            },
            "updated_time": "2026-04-24 17:24:45.678547 +0800 CST",
            "version": "v0.38.1"
          },
          "sensitive_attributes": [],
          "identity_schema_version": 0,
          "dependencies": [
            "module.network.volcenginecc_vpc_subnet.node_subnet",
            "module.network.volcenginecc_vpc_subnet.pod_subnet",
            "module.network.volcenginecc_vpc_vpc.main",
            "module.vke.volcenginecc_vke_cluster.main"
          ]
        }
      ]
    },
    {
      "module": "module.vke",
      "mode": "managed",
      "type": "volcenginecc_vke_addon",
      "name": "csi",
      "provider": "provider[\"registry.terraform.io/volcengine/volcenginecc\"]",
      "instances": [
        {
          "schema_version": 1,
          "attributes": {
            "cluster_id": "cd7ljdnbhp7f740kck0cg",
            "config": null,
            "created_time": "2026-04-24 17:33:49.301718 +0800 CST",
            "deploy_mode": "Unmanaged",
            "deploy_node_type": "Node",
            "id": "cd7ljdnbhp7f740kck0cg|csi-ebs",
            "name": "csi-ebs",
            "status": {
              "conditions": [
                {}
              ],
              "phase": "Failed"
            },
            "updated_time": "2026-04-24 17:33:49.301718 +0800 CST",
            "version": "v1.3.2"
          },
          "sensitive_attributes": [],
          "identity_schema_version": 0,
          "dependencies": [
            "module.network.volcenginecc_vpc_subnet.node_subnet",
            "module.network.volcenginecc_vpc_subnet.pod_subnet",
            "module.network.volcenginecc_vpc_vpc.main",
            "module.vke.volcenginecc_vke_cluster.main"
          ]
        }
      ]
    },
    {
      "module": "module.vke",
      "mode": "managed",
      "type": "volcenginecc_vke_addon",
      "name": "log_collector",
      "provider": "provider[\"registry.terraform.io/volcengine/volcenginecc\"]",
      "instances": [
        {
          "schema_version": 1,
          "attributes": {
            "cluster_id": "cd7ljdnbhp7f740kck0cg",
            "config": null,
            "created_time": "2026-04-24 17:33:49.230689 +0800 CST",
            "deploy_mode": "Unmanaged",
            "deploy_node_type": "Node",
            "id": "cd7ljdnbhp7f740kck0cg|log-collector",
            "name": "log-collector",
            "status": {
              "conditions": [
                {}
              ],
              "phase": "Failed"
            },
            "updated_time": "2026-04-24 17:33:49.230689 +0800 CST",
            "version": "v2.3.3"
          },
          "sensitive_attributes": [],
          "identity_schema_version": 0,
          "dependencies": [
            "module.network.volcenginecc_vpc_subnet.node_subnet",
            "module.network.volcenginecc_vpc_subnet.pod_subnet",
            "module.network.volcenginecc_vpc_vpc.main",
            "module.vke.volcenginecc_vke_cluster.main"
          ]
        }
      ]
    },
    {
      "module": "module.vke",
      "mode": "managed",
      "type": "volcenginecc_vke_addon",
      "name": "npd",
      "provider": "provider[\"registry.terraform.io/volcengine/volcenginecc\"]",
      "instances": [
        {
          "schema_version": 1,
          "attributes": {
            "cluster_id": "cd7ljdnbhp7f740kck0cg",
            "config": null,
            "created_time": "2026-04-24 17:33:49.271152 +0800 CST",
            "deploy_mode": "Unmanaged",
            "deploy_node_type": "Node",
            "id": "cd7ljdnbhp7f740kck0cg|node-problem-detector",
            "name": "node-problem-detector",
            "status": {
              "conditions": [
                {}
              ],
              "phase": "Running"
            },
            "updated_time": "2026-04-24 17:33:49.271152 +0800 CST",
            "version": "v0.8.19-vke.7"
          },
          "sensitive_attributes": [],
          "identity_schema_version": 0,
          "dependencies": [
            "module.network.volcenginecc_vpc_subnet.node_subnet",
            "module.network.volcenginecc_vpc_subnet.pod_subnet",
            "module.network.volcenginecc_vpc_vpc.main",
            "module.vke.volcenginecc_vke_cluster.main"
          ]
        }
      ]
    },
    {
      "module": "module.vke",
      "mode": "managed",
      "type": "volcenginecc_vke_addon",
      "name": "prometheus",
      "provider": "provider[\"registry.terraform.io/volcengine/volcenginecc\"]",
      "instances": [
        {
          "schema_version": 1,
          "attributes": {
            "cluster_id": "cd7ljdnbhp7f740kck0cg",
            "config": null,
            "created_time": "2026-04-24 17:33:49.261107 +0800 CST",
            "deploy_mode": "Unmanaged",
            "deploy_node_type": "Node",
            "id": "cd7ljdnbhp7f740kck0cg|prometheus-agent",
            "name": "prometheus-agent",
            "status": {
              "conditions": [
                {}
              ],
              "phase": "Creating"
            },
            "updated_time": "2026-04-24 17:33:49.261107 +0800 CST",
            "version": "v2.12.0-vke.1.24"
          },
          "sensitive_attributes": [],
          "identity_schema_version": 0,
          "dependencies": [
            "module.network.volcenginecc_vpc_subnet.node_subnet",
            "module.network.volcenginecc_vpc_subnet.pod_subnet",
            "module.network.volcenginecc_vpc_vpc.main",
            "module.vke.volcenginecc_vke_cluster.main"
          ]
        }
      ]
    },
    {
      "module": "module.vke",
      "mode": "managed",
      "type": "volcenginecc_vke_cluster",
      "name": "main",
      "provider": "provider[\"registry.terraform.io/volcengine/volcenginecc\"]",
      "instances": [
        {
          "schema_version": 1,
          "attributes": {
            "cluster_config": {
              "api_server_endpoints": {
                "private_ip": {
                  "ipv_4": "10.0.2.158"
                },
                "public_ip": {
                  "ipv_4": "124.174.33.232"
                }
              },
              "api_server_public_access_config": {
                "public_access_network_config": {
                  "bandwidth": 100,
                  "billing_type": 3,
                  "isp": "BGP"
                }
              },
              "api_server_public_access_enabled": true,
              "ip_family": "Ipv4",
              "resource_public_access_default_enabled": false,
              "security_group_ids": [
                "sg-2f8tvg7exdyww4f4pzzcdblw5"
              ],
              "subnet_ids": [
                "subnet-iwsg2ohqxips76zdlcp0y41x",
                "subnet-w0lox1hnzqbk865yka9tfcov"
              ],
              "vpc_id": "vpc-3hj557wf6tgjk3nkipjnwxvv5"
            },
            "cluster_id": "cd7ljdnbhp7f740kck0cg",
            "created_time": "2026-04-24T17:24:45+08:00",
            "delete_protection_enabled": false,
            "description": "Managed by Terraform",
            "id": "cd7ljdnbhp7f740kck0cg",
            "irsa_config": {
              "audience": null,
              "enabled": false,
              "issuer": null,
              "jwks_url": null,
              "oidc_trn": null,
              "open_id_config_url": null
            },
            "kubernetes_version": "v1.34.1-vke.4",
            "kubernetes_version_create": null,
            "logging_config": null,
            "message": "",
            "monitoring_config": null,
            "name": "enterprise-vke-demo",
            "node_statistics": {
              "creating_count": 0,
              "deleting_count": 0,
              "failed_count": 0,
              "running_count": 0,
              "total_count": 0,
              "updating_count": 0
            },
            "pods_config": {
              "flannel_config": null,
              "pod_network_mode": "VpcCniShared",
              "vpc_cni_config": {
                "subnet_ids": [
                  "subnet-1uxw3m5brw8w51j8e6lbibtr",
                  "subnet-iwsfp936c2rk76zdldi6bsuf"
                ],
                "trunk_eni_enabled": false
              }
            },
            "project_name": "default",
            "services_config": {
              "service_cidrsv_4": [
                "172.19.0.0/20"
              ]
            },
            "source_region": null,
            "status": {
              "conditions": [
                {
                  "type": "Progressing"
                },
                {
                  "type": "SyncingAddon"
                }
              ],
              "phase": "Updating"
            },
            "tags": [
              {
                "key": "Environment",
                "value": "prod"
              },
              {
                "key": "ManagedBy",
                "value": "Terraform"
              },
              {
                "key": "Project",
                "value": "enterprise-vke"
              }
            ],
            "type": "Managed",
            "updated_time": "2026-04-24T17:24:45+08:00"
          },
          "sensitive_attributes": [],
          "identity_schema_version": 0,
          "dependencies": [
            "module.network.volcenginecc_vpc_subnet.node_subnet",
            "module.network.volcenginecc_vpc_subnet.pod_subnet",
            "module.network.volcenginecc_vpc_vpc.main"
          ]
        }
      ]
    }
  ],
  "check_results": null
}
